{
  "requires": true,
  "lockfileVersion": 1,
  "dependencies": {
    "mdbootstrap": {
      "version": "4.14.0",
      "resolved": "https://registry.npmjs.org/mdbootstrap/-/mdbootstrap-4.14.0.tgz",
      "integrity": "sha512-RBa3uB64m1DpO1exIupqQkL0Ca108zpjXnOH+xyJ6bIyr4BJw2djSmWoizQHhN5o1v3ujN3PtNJ3x7k+ITmFRw=="
    }
  }
}
